schema: '2.0'
stages:
  download:
    cmd: python3 stages/00_download.py
    deps:
    - path: stages/00_download.py
      hash: md5
      md5: fc5223510cdfc3cb6f0e725e148236c0
      size: 2692
    outs:
    - path: download
      hash: md5
      md5: 7baf6051b862f3538f058b0a5657744b.dir
      size: 876674843
      nfiles: 8
    - path: version.yaml
      hash: md5
      md5: 0d2ea6fd1656d178b023dcffab5785d1
      size: 17
  build:
    cmd: python3 stages/02_process.py
    deps:
    - path: download
      hash: md5
      md5: 7baf6051b862f3538f058b0a5657744b.dir
      size: 876674843
      nfiles: 8
    - path: stages/02_process.py
      hash: md5
      md5: e0e9739964fd23b5d3786686f0c75d4c
      size: 3040
    - path: version.yaml
      hash: md5
      md5: 0d2ea6fd1656d178b023dcffab5785d1
      size: 17
    outs:
    - path: brick
      hash: md5
      md5: 394b220d65754c8b81f5eea1d8756130.dir
      size: 560115827
      nfiles: 119
  unzip:
    cmd: python3 stages/01_unzip.py
    deps:
    - path: stages/01_unzip.py
      hash: md5
      md5: 8cc07fb6505390c89c487553f8e3db0b
      size: 1525
    - path: version.yaml
      hash: md5
      md5: 0d2ea6fd1656d178b023dcffab5785d1
      size: 17
    outs:
    - path: unzip
      hash: md5
      md5: 4da9a4fe6087f80d41bdb633c94fedaf.dir
      size: 8335709311
      nfiles: 119
